
Microsoft Visual Studio Solution File, Format Version 12.00
# Visual Studio Version 17
VisualStudioVersion = 17.6.33815.320
MinimumVisualStudioVersion = 10.0.40219.1
Project("{9A19103F-16F7-4668-BE54-9A1E7A4F7556}") = "TelloCLI", "TelloCLI\TelloCLI.csproj", "{1AB1C0E2-EC59-46D0-939B-503DAB4F9DB7}"
EndProject
Project("{9A19103F-16F7-4668-BE54-9A1E7A4F7556}") = "TelloControl", "TelloControl\TelloControl.csproj", "{A4BAF8E6-4A4F-444C-891F-95D31D56F1AD}"
EndProject
Project("{9A19103F-16F7-4668-BE54-9A1E7A4F7556}") = "App2", "App2\App2.csproj", "{016B063F-EABB-4CBE-913E-9A76BFAD9AF3}"
EndProject
Project("{FAE04EC0-301F-11D3-BF4B-00C04F79EFBC}") = "Speech2Text1", "Speech2Text1\Speech2Text1.csproj", "{D2EF7E4B-DCB8-4960-A9F1-E0C7B99171D3}"
EndProject
Project("{FAE04EC0-301F-11D3-BF4B-00C04F79EFBC}") = "Speech2TextGoogle", "Speech2TextGoogle\Speech2TextGoogle.csproj", "{5F44D67E-EFCE-4BF2-9309-3DBA299F8629}"
EndProject
Global
	GlobalSection(SolutionConfigurationPlatforms) = preSolution
		Debug|Any CPU = Debug|Any CPU
		Release|Any CPU = Release|Any CPU
	EndGlobalSection
	GlobalSection(ProjectConfigurationPlatforms) = postSolution
		{1AB1C0E2-EC59-46D0-939B-503DAB4F9DB7}.Debug|Any CPU.ActiveCfg = Debug|Any CPU
		{1AB1C0E2-EC59-46D0-939B-503DAB4F9DB7}.Debug|Any CPU.Build.0 = Debug|Any CPU
		{1AB1C0E2-EC59-46D0-939B-503DAB4F9DB7}.Release|Any CPU.ActiveCfg = Release|Any CPU
		{1AB1C0E2-EC59-46D0-939B-503DAB4F9DB7}.Release|Any CPU.Build.0 = Release|Any CPU
		{A4BAF8E6-4A4F-444C-891F-95D31D56F1AD}.Debug|Any CPU.ActiveCfg = Debug|Any CPU
		{A4BAF8E6-4A4F-444C-891F-95D31D56F1AD}.Debug|Any CPU.Build.0 = Debug|Any CPU
		{A4BAF8E6-4A4F-444C-891F-95D31D56F1AD}.Release|Any CPU.ActiveCfg = Release|Any CPU
		{A4BAF8E6-4A4F-444C-891F-95D31D56F1AD}.Release|Any CPU.Build.0 = Release|Any CPU
		{016B063F-EABB-4CBE-913E-9A76BFAD9AF3}.Debug|Any CPU.ActiveCfg = Debug|Any CPU
		{016B063F-EABB-4CBE-913E-9A76BFAD9AF3}.Debug|Any CPU.Build.0 = Debug|Any CPU
		{016B063F-EABB-4CBE-913E-9A76BFAD9AF3}.Release|Any CPU.ActiveCfg = Release|Any CPU
		{016B063F-EABB-4CBE-913E-9A76BFAD9AF3}.Release|Any CPU.Build.0 = Release|Any CPU
		{D2EF7E4B-DCB8-4960-A9F1-E0C7B99171D3}.Debug|Any CPU.ActiveCfg = Debug|Any CPU
		{D2EF7E4B-DCB8-4960-A9F1-E0C7B99171D3}.Debug|Any CPU.Build.0 = Debug|Any CPU
		{D2EF7E4B-DCB8-4960-A9F1-E0C7B99171D3}.Release|Any CPU.ActiveCfg = Release|Any CPU
		{D2EF7E4B-DCB8-4960-A9F1-E0C7B99171D3}.Release|Any CPU.Build.0 = Release|Any CPU
		{5F44D67E-EFCE-4BF2-9309-3DBA299F8629}.Debug|Any CPU.ActiveCfg = Debug|Any CPU
		{5F44D67E-EFCE-4BF2-9309-3DBA299F8629}.Debug|Any CPU.Build.0 = Debug|Any CPU
		{5F44D67E-EFCE-4BF2-9309-3DBA299F8629}.Release|Any CPU.ActiveCfg = Release|Any CPU
		{5F44D67E-EFCE-4BF2-9309-3DBA299F8629}.Release|Any CPU.Build.0 = Release|Any CPU
	EndGlobalSection
	GlobalSection(SolutionProperties) = preSolution
		HideSolutionNode = FALSE
	EndGlobalSection
	GlobalSection(ExtensibilityGlobals) = postSolution
		SolutionGuid = {D6B17177-974F-4FC5-9E38-836F4174D83E}
	EndGlobalSection
EndGlobal
